
Microsoft Visual Studio Solution File, Format Version 12.00
# Visual Studio Version 16
VisualStudioVersion = 16.0.32106.194
MinimumVisualStudioVersion = 10.0.40219.1
Project("{FAE04EC0-301F-11D3-BF4B-00C04F79EFBC}") = "PolynomialCalculation", "PolynomialCalculation.csproj", "{CA45859C-03A5-455A-B2AC-F427B6D86CF2}"
EndProject
Project("{2150E333-8FDC-42A3-9474-1A3956D46DE8}") = "Solution Items", "Solution Items", "{FACCC6EC-77AA-4C7C-A2D4-04AD89E92E05}"
	ProjectSection(SolutionItems) = preProject
		Equation.cs = Equation.cs
		QuadraticEquation.cs = QuadraticEquation.cs
	EndProjectSection
EndProject
Global
	GlobalSection(SolutionConfigurationPlatforms) = preSolution
		Debug|Any CPU = Debug|Any CPU
		Release|Any CPU = Release|Any CPU
	EndGlobalSection
	GlobalSection(ProjectConfigurationPlatforms) = postSolution
		{CA45859C-03A5-455A-B2AC-F427B6D86CF2}.Debug|Any CPU.ActiveCfg = Debug|Any CPU
		{CA45859C-03A5-455A-B2AC-F427B6D86CF2}.Debug|Any CPU.Build.0 = Debug|Any CPU
		{CA45859C-03A5-455A-B2AC-F427B6D86CF2}.Release|Any CPU.ActiveCfg = Release|Any CPU
		{CA45859C-03A5-455A-B2AC-F427B6D86CF2}.Release|Any CPU.Build.0 = Release|Any CPU
	EndGlobalSection
	GlobalSection(SolutionProperties) = preSolution
		HideSolutionNode = FALSE
	EndGlobalSection
	GlobalSection(ExtensibilityGlobals) = postSolution
		SolutionGuid = {13FEE43C-D470-4F94-8C02-99907572339B}
	EndGlobalSection
EndGlobal
